<?xml version="1.0" encoding="utf-8"?>
<Project ToolsVersion="4.0" xmlns="http://schemas.microsoft.com/developer/msbuild/2003">
  <ItemGroup>
    <Filter Include="Graphics">
      <UniqueIdentifier>{ac407256-1e25-4b5e-a70f-96c94218ee59}</UniqueIdentifier>
    </Filter>
    <Filter Include="Main">
      <UniqueIdentifier>{23608e58-0fd0-4714-9bf1-9c759e06e881}</UniqueIdentifier>
    </Filter>
    <Filter Include="Tools">
      <UniqueIdentifier>{3e920655-7391-4533-9579-643f4c66f7fe}</UniqueIdentifier>
    </Filter>
    <Filter Include="Configuration">
      <UniqueIdentifier>{4326ea63-6576-4921-8ddf-e90cecdba337}</UniqueIdentifier>
    </Filter>
    <Filter Include="Audio">
      <UniqueIdentifier>{371e6889-5b39-4a95-bdd3-a711b0d6c5a8}</UniqueIdentifier>
    </Filter>
    <Filter Include="IO">
      <UniqueIdentifier>{ac8824c4-bc49-47a5-913d-77a5a6686665}</UniqueIdentifier>
    </Filter>
    <Filter Include="Renderers">
      <UniqueIdentifier>{6f440a74-2ddf-4a4e-adff-e0cf27b2dda9}</UniqueIdentifier>
    </Filter>
    <Filter Include="Menu">
      <UniqueIdentifier>{67811637-033c-480a-8aa1-3d36fd033f95}</UniqueIdentifier>
    </Filter>
    <Filter Include="Game">
      <UniqueIdentifier>{ad2bc62a-91fe-4fe5-9575-cabebfb4b20f}</UniqueIdentifier>
    </Filter>
    <Filter Include="Animation">
      <UniqueIdentifier>{78c5b622-5fd2-4532-bbd0-3ac880ca8cfa}</UniqueIdentifier>
    </Filter>
    <Filter Include="Highscores">
      <UniqueIdentifier>{d0938760-2cda-442d-b3e3-219abe508d88}</UniqueIdentifier>
    </Filter>
    <Filter Include="Buttons">
      <UniqueIdentifier>{d0664791-2cf8-4f61-8ec8-713d60cfb1b6}</UniqueIdentifier>
    </Filter>
    <Filter Include="GLM">
      <UniqueIdentifier>{39c4bc7e-cf6b-48ae-b10b-f203f31380c8}</UniqueIdentifier>
    </Filter>
    <Filter Include="GLM\detail">
      <UniqueIdentifier>{e0ad9466-c74b-475f-8432-8289ec8502cb}</UniqueIdentifier>
    </Filter>
    <Filter Include="GLM\ext">
      <UniqueIdentifier>{a982fe67-70e2-4c57-89e0-7e74e52466b6}</UniqueIdentifier>
    </Filter>
    <Filter Include="GLM\gtc">
      <UniqueIdentifier>{d5f61bd4-46a8-493e-89d2-7628a078480a}</UniqueIdentifier>
    </Filter>
    <Filter Include="GLM\gtx">
      <UniqueIdentifier>{c10c0210-73ee-41a6-82c2-84140724770d}</UniqueIdentifier>
    </Filter>
    <Filter Include="GLM\simd">
      <UniqueIdentifier>{7b4f0672-131f-4bed-91cc-9a5d03d50f5c}</UniqueIdentifier>
    </Filter>
    <Filter Include="Renderers\Animations">
      <UniqueIdentifier>{2a875352-1b67-416a-8af8-d9edf790d306}</UniqueIdentifier>
    </Filter>
    <Filter Include="Tweeny">
      <UniqueIdentifier>{40ae7a16-369a-483d-a689-f61c317c9426}</UniqueIdentifier>
    </Filter>
  </ItemGroup>
  <ItemGroup>
    <ClCompile Include="Graphics.cpp">
      <Filter>Graphics</Filter>
    </ClCompile>
    <ClCompile Include="DDS.cpp">
      <Filter>Graphics</Filter>
    </ClCompile>
    <ClCompile Include="Image.cpp">
      <Filter>Graphics</Filter>
    </ClCompile>
    <ClCompile Include="InputHandler.cpp">
      <Filter>Main</Filter>
    </ClCompile>
    <ClCompile Include="Assert.cpp">
      <Filter>Tools</Filter>
    </ClCompile>
    <ClCompile Include="String.cpp">
      <Filter>Tools</Filter>
    </ClCompile>
    <ClCompile Include="Tools.cpp">
      <Filter>Tools</Filter>
    </ClCompile>
    <ClCompile Include="Font.cpp">
      <Filter>Graphics</Filter>
    </ClCompile>
    <ClCompile Include="File.cpp">
      <Filter>Tools</Filter>
    </ClCompile>
    <ClCompile Include="Main.cpp">
      <Filter>Main</Filter>
    </ClCompile>
    <ClCompile Include="Configuration.cpp">
      <Filter>Configuration</Filter>
    </ClCompile>
    <ClCompile Include="RTTI.cpp">
      <Filter>Tools</Filter>
    </ClCompile>
    <ClCompile Include="Canvas.cpp">
      <Filter>Graphics</Filter>
    </ClCompile>
    <ClCompile Include="Audio.cpp">
      <Filter>Audio</Filter>
    </ClCompile>
    <ClCompile Include="IOModuleLink.cpp">
      <Filter>IO</Filter>
    </ClCompile>
    <ClCompile Include="TitleRenderer.cpp">
      <Filter>Renderers</Filter>
    </ClCompile>
    <ClCompile Include="StateMachine.cpp">
      <Filter>Tools</Filter>
    </ClCompile>
    <ClCompile Include="Resources.cpp">
      <Filter>Main</Filter>
    </ClCompile>
    <ClCompile Include="Sound.cpp">
      <Filter>Audio</Filter>
    </ClCompile>
    <ClCompile Include="VerticalMenuRenderer.cpp">
      <Filter>Renderers</Filter>
    </ClCompile>
    <ClCompile Include="HorizontalMenuRenderer.cpp">
      <Filter>Renderers</Filter>
    </ClCompile>
    <ClCompile Include="MenuItemRenderer.cpp">
      <Filter>Renderers</Filter>
    </ClCompile>
    <ClCompile Include="IntEditorRenderer.cpp">
      <Filter>Renderers</Filter>
    </ClCompile>
    <ClCompile Include="SelectGameState.cpp">
      <Filter>Menu</Filter>
    </ClCompile>
    <ClCompile Include="OptionsMenuState.cpp">
      <Filter>Menu</Filter>
    </ClCompile>
    <ClCompile Include="TopMenuState.cpp">
      <Filter>Menu</Filter>
    </ClCompile>
    <ClCompile Include="SystemTestRenderer.cpp">
      <Filter>Renderers</Filter>
    </ClCompile>
    <ClCompile Include="GameData.cpp">
      <Filter>Game</Filter>
    </ClCompile>
    <ClCompile Include="MenuStateMachine.cpp">
      <Filter>Menu</Filter>
    </ClCompile>
    <ClCompile Include="TitleState.cpp">
      <Filter>Game</Filter>
    </ClCompile>
    <ClCompile Include="GameStateMachine.cpp">
      <Filter>Game</Filter>
    </ClCompile>
    <ClCompile Include="PlayingState.cpp">
      <Filter>Game</Filter>
    </ClCompile>
    <ClCompile Include="SystemTestState.cpp">
      <Filter>Game</Filter>
    </ClCompile>
    <ClCompile Include="GameDesc.cpp">
      <Filter>Game</Filter>
    </ClCompile>
    <ClCompile Include="RoundData.cpp">
      <Filter>Game</Filter>
    </ClCompile>
    <ClCompile Include="CRC32.cpp">
      <Filter>Tools</Filter>
    </ClCompile>
    <ClCompile Include="IOModule.pb.c">
      <Filter>IO</Filter>
    </ClCompile>
    <ClCompile Include="pb_common.c">
      <Filter>IO</Filter>
    </ClCompile>
    <ClCompile Include="pb_decode.c">
      <Filter>IO</Filter>
    </ClCompile>
    <ClCompile Include="pb_encode.c">
      <Filter>IO</Filter>
    </ClCompile>
    <ClCompile Include="FinishedState.cpp">
      <Filter>Game</Filter>
    </ClCompile>
    <ClCompile Include="GameBackgroundRenderer.cpp">
      <Filter>Renderers</Filter>
    </ClCompile>
    <ClCompile Include="IntermissionState.cpp">
      <Filter>Game</Filter>
    </ClCompile>
    <ClCompile Include="Animation.cpp">
      <Filter>Animation</Filter>
    </ClCompile>
    <ClCompile Include="Animator.cpp">
      <Filter>Animation</Filter>
    </ClCompile>
    <ClCompile Include="IntermissionRenderer.cpp">
      <Filter>Renderers</Filter>
    </ClCompile>
    <ClCompile Include="ScreenMeltRenderer.cpp">
      <Filter>Renderers</Filter>
    </ClCompile>
    <ClCompile Include="RemovePuckRenderer.cpp">
      <Filter>Renderers</Filter>
    </ClCompile>
    <ClCompile Include="RemovePuckState.cpp">
      <Filter>Game</Filter>
    </ClCompile>
    <ClCompile Include="ScreenDissolveRenderer.cpp">
      <Filter>Renderers</Filter>
    </ClCompile>
    <ClCompile Include="FinishRenderer.cpp">
      <Filter>Renderers</Filter>
    </ClCompile>
    <ClCompile Include="ParticleEffect.cpp">
      <Filter>Graphics</Filter>
    </ClCompile>
    <ClCompile Include="TomlParser.cpp">
      <Filter>Tools</Filter>
    </ClCompile>
    <ClCompile Include="ScoresTable.cpp">
      <Filter>Highscores</Filter>
    </ClCompile>
    <ClCompile Include="HighscoreManager.cpp">
      <Filter>Highscores</Filter>
    </ClCompile>
    <ClCompile Include="EnterNameState.cpp">
      <Filter>Game</Filter>
    </ClCompile>
    <ClCompile Include="EnterNameRenderer.cpp">
      <Filter>Renderers</Filter>
    </ClCompile>
    <ClCompile Include="HighscoreState.cpp">
      <Filter>Game</Filter>
    </ClCompile>
    <ClCompile Include="HighscoreRenderer.cpp">
      <Filter>Renderers</Filter>
    </ClCompile>
    <ClCompile Include="Text.cpp">
      <Filter>Graphics</Filter>
    </ClCompile>
    <ClCompile Include="TextFlasher.cpp">
      <Filter>Graphics</Filter>
    </ClCompile>
    <ClCompile Include="lodepng.cpp">
      <Filter>Graphics</Filter>
    </ClCompile>
    <ClCompile Include="ButtonLEDsController.cpp">
      <Filter>Buttons</Filter>
    </ClCompile>
    <ClCompile Include="Benchmarks.cpp">
      <Filter>Tools</Filter>
    </ClCompile>
    <ClCompile Include="glm\detail\glm.cpp">
      <Filter>GLM\detail</Filter>
    </ClCompile>
    <ClCompile Include="SetAnimation.cpp">
      <Filter>Renderers\Animations</Filter>
    </ClCompile>
    <ClCompile Include="GreatShotAnimation.cpp">
      <Filter>Renderers\Animations</Filter>
    </ClCompile>
    <ClCompile Include="ParticleOverlayRenderer.cpp">
      <Filter>Renderers</Filter>
    </ClCompile>
    <ClCompile Include="ClassicHUDRenderer.cpp">
      <Filter>Renderers</Filter>
    </ClCompile>
    <ClCompile Include="HotShotAnimation.cpp">
      <Filter>Renderers\Animations</Filter>
    </ClCompile>
    <ClCompile Include="Voronoi.cpp">
      <Filter>Renderers</Filter>
    </ClCompile>
    <ClCompile Include="TextShine.cpp">
      <Filter>Graphics</Filter>
    </ClCompile>
    <ClCompile Include="MegaShotAnimation.cpp">
      <Filter>Renderers\Animations</Filter>
    </ClCompile>
    <ClCompile Include="ImpressiveAnimation.cpp">
      <Filter>Renderers\Animations</Filter>
    </ClCompile>
    <ClCompile Include="ExcellentAnimation.cpp">
      <Filter>Renderers\Animations</Filter>
    </ClCompile>
    <ClCompile Include="Fire.cpp">
      <Filter>Renderers</Filter>
    </ClCompile>
    <ClCompile Include="IncredibleAnimation.cpp">
      <Filter>Renderers\Animations</Filter>
    </ClCompile>
    <ClCompile Include="UnstoppableAnimation.cpp">
      <Filter>Renderers\Animations</Filter>
    </ClCompile>
    <ClCompile Include="LoadingImage.cpp">
      <Filter>Graphics</Filter>
    </ClCompile>
    <ClCompile Include="LoadingScreen.cpp">
      <Filter>Main</Filter>
    </ClCompile>
  </ItemGroup>
  <ItemGroup>
    <ClInclude Include="Graphics.h">
      <Filter>Graphics</Filter>
    </ClInclude>
    <ClInclude Include="Image.h">
      <Filter>Graphics</Filter>
    </ClInclude>
    <ClInclude Include="DDS.h">
      <Filter>Graphics</Filter>
    </ClInclude>
    <ClInclude Include="InputHandler.h">
      <Filter>Main</Filter>
    </ClInclude>
    <ClInclude Include="Assert.h">
      <Filter>Tools</Filter>
    </ClInclude>
    <ClInclude Include="Defines.h">
      <Filter>Tools</Filter>
    </ClInclude>
    <ClInclude Include="String.h">
      <Filter>Tools</Filter>
    </ClInclude>
    <ClInclude Include="Tools.h">
      <Filter>Tools</Filter>
    </ClInclude>
    <ClInclude Include="Color.h">
      <Filter>Graphics</Filter>
    </ClInclude>
    <ClInclude Include="Font.h">
      <Filter>Graphics</Filter>
    </ClInclude>
    <ClInclude Include="File.h">
      <Filter>Tools</Filter>
    </ClInclude>
    <ClInclude Include="Configuration.h">
      <Filter>Configuration</Filter>
    </ClInclude>
    <ClInclude Include="RTTI.h">
      <Filter>Tools</Filter>
    </ClInclude>
    <ClInclude Include="Canvas.h">
      <Filter>Graphics</Filter>
    </ClInclude>
    <ClInclude Include="Audio.h">
      <Filter>Audio</Filter>
    </ClInclude>
    <ClInclude Include="IOModuleLink.h">
      <Filter>IO</Filter>
    </ClInclude>
    <ClInclude Include="IState.h">
      <Filter>Tools</Filter>
    </ClInclude>
    <ClInclude Include="Main.h">
      <Filter>Main</Filter>
    </ClInclude>
    <ClInclude Include="TitleRenderer.h">
      <Filter>Renderers</Filter>
    </ClInclude>
    <ClInclude Include="GraphicsConstants.h">
      <Filter>Graphics</Filter>
    </ClInclude>
    <ClInclude Include="StateMachine.h">
      <Filter>Tools</Filter>
    </ClInclude>
    <ClInclude Include="Resources.h">
      <Filter>Main</Filter>
    </ClInclude>
    <ClInclude Include="FontChar.h">
      <Filter>Graphics</Filter>
    </ClInclude>
    <ClInclude Include="Sound.h">
      <Filter>Audio</Filter>
    </ClInclude>
    <ClInclude Include="IRenderer.h">
      <Filter>Renderers</Filter>
    </ClInclude>
    <ClInclude Include="IPositionalRenderer.h">
      <Filter>Renderers</Filter>
    </ClInclude>
    <ClInclude Include="VerticalMenuRenderer.h">
      <Filter>Renderers</Filter>
    </ClInclude>
    <ClInclude Include="HorizontalMenuRenderer.h">
      <Filter>Renderers</Filter>
    </ClInclude>
    <ClInclude Include="MenuItemRenderer.h">
      <Filter>Renderers</Filter>
    </ClInclude>
    <ClInclude Include="IntEditorRenderer.h">
      <Filter>Renderers</Filter>
    </ClInclude>
    <ClInclude Include="SelectGameState.h">
      <Filter>Menu</Filter>
    </ClInclude>
    <ClInclude Include="OptionsMenuState.h">
      <Filter>Menu</Filter>
    </ClInclude>
    <ClInclude Include="TopMenuState.h">
      <Filter>Menu</Filter>
    </ClInclude>
    <ClInclude Include="SystemTestRenderer.h">
      <Filter>Renderers</Filter>
    </ClInclude>
    <ClInclude Include="RoundData.h">
      <Filter>Game</Filter>
    </ClInclude>
    <ClInclude Include="GameDefines.h">
      <Filter>Game</Filter>
    </ClInclude>
    <ClInclude Include="GameData.h">
      <Filter>Game</Filter>
    </ClInclude>
    <ClInclude Include="IMessageHandler.h">
      <Filter>IO</Filter>
    </ClInclude>
    <ClInclude Include="MenuStateMachine.h">
      <Filter>Menu</Filter>
    </ClInclude>
    <ClInclude Include="TitleState.h">
      <Filter>Game</Filter>
    </ClInclude>
    <ClInclude Include="GameStateMachine.h">
      <Filter>Game</Filter>
    </ClInclude>
    <ClInclude Include="PlayingState.h">
      <Filter>Game</Filter>
    </ClInclude>
    <ClInclude Include="SystemTestState.h">
      <Filter>Game</Filter>
    </ClInclude>
    <ClInclude Include="GameDesc.h">
      <Filter>Game</Filter>
    </ClInclude>
    <ClInclude Include="CRC32.h">
      <Filter>Tools</Filter>
    </ClInclude>
    <ClInclude Include="IOModule.pb.h">
      <Filter>IO</Filter>
    </ClInclude>
    <ClInclude Include="pb.h">
      <Filter>IO</Filter>
    </ClInclude>
    <ClInclude Include="pb_common.h">
      <Filter>IO</Filter>
    </ClInclude>
    <ClInclude Include="pb_decode.h">
      <Filter>IO</Filter>
    </ClInclude>
    <ClInclude Include="pb_encode.h">
      <Filter>IO</Filter>
    </ClInclude>
    <ClInclude Include="FinishedState.h">
      <Filter>Game</Filter>
    </ClInclude>
    <ClInclude Include="GameBackgroundRenderer.h">
      <Filter>Renderers</Filter>
    </ClInclude>
    <ClInclude Include="Size.h">
      <Filter>Tools</Filter>
    </ClInclude>
    <ClInclude Include="Rect.h">
      <Filter>Tools</Filter>
    </ClInclude>
    <ClInclude Include="Point.h">
      <Filter>Tools</Filter>
    </ClInclude>
    <ClInclude Include="IntermissionState.h">
      <Filter>Game</Filter>
    </ClInclude>
    <ClInclude Include="Animation.h">
      <Filter>Animation</Filter>
    </ClInclude>
    <ClInclude Include="FrameData.h">
      <Filter>Animation</Filter>
    </ClInclude>
    <ClInclude Include="Animator.h">
      <Filter>Animation</Filter>
    </ClInclude>
    <ClInclude Include="IntermissionRenderer.h">
      <Filter>Renderers</Filter>
    </ClInclude>
    <ClInclude Include="ScreenMeltRenderer.h">
      <Filter>Renderers</Filter>
    </ClInclude>
    <ClInclude Include="RemovePuckRenderer.h">
      <Filter>Renderers</Filter>
    </ClInclude>
    <ClInclude Include="RemovePuckState.h">
      <Filter>Game</Filter>
    </ClInclude>
    <ClInclude Include="ScreenDissolveRenderer.h">
      <Filter>Renderers</Filter>
    </ClInclude>
    <ClInclude Include="FinishRenderer.h">
      <Filter>Renderers</Filter>
    </ClInclude>
    <ClInclude Include="ParticleEffect.h">
      <Filter>Graphics</Filter>
    </ClInclude>
    <ClInclude Include="Particle.h">
      <Filter>Graphics</Filter>
    </ClInclude>
    <ClInclude Include="TomlParser.h">
      <Filter>Tools</Filter>
    </ClInclude>
    <ClInclude Include="ScoresTable.h">
      <Filter>Highscores</Filter>
    </ClInclude>
    <ClInclude Include="ScoreRecord.h">
      <Filter>Highscores</Filter>
    </ClInclude>
    <ClInclude Include="HighscoreManager.h">
      <Filter>Highscores</Filter>
    </ClInclude>
    <ClInclude Include="EnterNameState.h">
      <Filter>Game</Filter>
    </ClInclude>
    <ClInclude Include="EnterNameRenderer.h">
      <Filter>Renderers</Filter>
    </ClInclude>
    <ClInclude Include="HighscoreState.h">
      <Filter>Game</Filter>
    </ClInclude>
    <ClInclude Include="HighscoreRenderer.h">
      <Filter>Renderers</Filter>
    </ClInclude>
    <ClInclude Include="Text.h">
      <Filter>Graphics</Filter>
    </ClInclude>
    <ClInclude Include="TextFlasher.h">
      <Filter>Graphics</Filter>
    </ClInclude>
    <ClInclude Include="cxxopts.hpp">
      <Filter>Main</Filter>
    </ClInclude>
    <ClInclude Include="lodepng.h">
      <Filter>Graphics</Filter>
    </ClInclude>
    <ClInclude Include="cpptoml.h">
      <Filter>Tools</Filter>
    </ClInclude>
    <ClInclude Include="cpptoml_tools.h">
      <Filter>Tools</Filter>
    </ClInclude>
    <ClInclude Include="ButtonLEDsController.h">
      <Filter>Buttons</Filter>
    </ClInclude>
    <ClInclude Include="Button.h">
      <Filter>Buttons</Filter>
    </ClInclude>
    <ClInclude Include="Benchmarks.h">
      <Filter>Tools</Filter>
    </ClInclude>
    <ClInclude Include="glm\common.hpp">
      <Filter>GLM</Filter>
    </ClInclude>
    <ClInclude Include="glm\exponential.hpp">
      <Filter>GLM</Filter>
    </ClInclude>
    <ClInclude Include="glm\ext.hpp">
      <Filter>GLM</Filter>
    </ClInclude>
    <ClInclude Include="glm\fwd.hpp">
      <Filter>GLM</Filter>
    </ClInclude>
    <ClInclude Include="glm\geometric.hpp">
      <Filter>GLM</Filter>
    </ClInclude>
    <ClInclude Include="glm\glm.hpp">
      <Filter>GLM</Filter>
    </ClInclude>
    <ClInclude Include="glm\integer.hpp">
      <Filter>GLM</Filter>
    </ClInclude>
    <ClInclude Include="glm\mat2x2.hpp">
      <Filter>GLM</Filter>
    </ClInclude>
    <ClInclude Include="glm\mat2x3.hpp">
      <Filter>GLM</Filter>
    </ClInclude>
    <ClInclude Include="glm\mat2x4.hpp">
      <Filter>GLM</Filter>
    </ClInclude>
    <ClInclude Include="glm\mat3x2.hpp">
      <Filter>GLM</Filter>
    </ClInclude>
    <ClInclude Include="glm\mat3x3.hpp">
      <Filter>GLM</Filter>
    </ClInclude>
    <ClInclude Include="glm\mat3x4.hpp">
      <Filter>GLM</Filter>
    </ClInclude>
    <ClInclude Include="glm\mat4x2.hpp">
      <Filter>GLM</Filter>
    </ClInclude>
    <ClInclude Include="glm\mat4x3.hpp">
      <Filter>GLM</Filter>
    </ClInclude>
    <ClInclude Include="glm\mat4x4.hpp">
      <Filter>GLM</Filter>
    </ClInclude>
    <ClInclude Include="glm\matrix.hpp">
      <Filter>GLM</Filter>
    </ClInclude>
    <ClInclude Include="glm\packing.hpp">
      <Filter>GLM</Filter>
    </ClInclude>
    <ClInclude Include="glm\trigonometric.hpp">
      <Filter>GLM</Filter>
    </ClInclude>
    <ClInclude Include="glm\vec2.hpp">
      <Filter>GLM</Filter>
    </ClInclude>
    <ClInclude Include="glm\vec3.hpp">
      <Filter>GLM</Filter>
    </ClInclude>
    <ClInclude Include="glm\vec4.hpp">
      <Filter>GLM</Filter>
    </ClInclude>
    <ClInclude Include="glm\vector_relational.hpp">
      <Filter>GLM</Filter>
    </ClInclude>
    <ClInclude Include="glm\detail\_features.hpp">
      <Filter>GLM\detail</Filter>
    </ClInclude>
    <ClInclude Include="glm\detail\_fixes.hpp">
      <Filter>GLM\detail</Filter>
    </ClInclude>
    <ClInclude Include="glm\detail\_noise.hpp">
      <Filter>GLM\detail</Filter>
    </ClInclude>
    <ClInclude Include="glm\detail\_swizzle.hpp">
      <Filter>GLM\detail</Filter>
    </ClInclude>
    <ClInclude Include="glm\detail\_swizzle_func.hpp">
      <Filter>GLM\detail</Filter>
    </ClInclude>
    <ClInclude Include="glm\detail\_vectorize.hpp">
      <Filter>GLM\detail</Filter>
    </ClInclude>
    <ClInclude Include="glm\detail\compute_common.hpp">
      <Filter>GLM\detail</Filter>
    </ClInclude>
    <ClInclude Include="glm\detail\compute_vector_relational.hpp">
      <Filter>GLM\detail</Filter>
    </ClInclude>
    <ClInclude Include="glm\detail\qualifier.hpp">
      <Filter>GLM\detail</Filter>
    </ClInclude>
    <ClInclude Include="glm\detail\setup.hpp">
      <Filter>GLM\detail</Filter>
    </ClInclude>
    <ClInclude Include="glm\detail\type_float.hpp">
      <Filter>GLM\detail</Filter>
    </ClInclude>
    <ClInclude Include="glm\detail\type_half.hpp">
      <Filter>GLM\detail</Filter>
    </ClInclude>
    <ClInclude Include="glm\detail\type_mat2x2.hpp">
      <Filter>GLM\detail</Filter>
    </ClInclude>
    <ClInclude Include="glm\detail\type_mat2x3.hpp">
      <Filter>GLM\detail</Filter>
    </ClInclude>
    <ClInclude Include="glm\detail\type_mat2x4.hpp">
      <Filter>GLM\detail</Filter>
    </ClInclude>
    <ClInclude Include="glm\detail\type_mat3x2.hpp">
      <Filter>GLM\detail</Filter>
    </ClInclude>
    <ClInclude Include="glm\detail\type_mat3x3.hpp">
      <Filter>GLM\detail</Filter>
    </ClInclude>
    <ClInclude Include="glm\detail\type_mat3x4.hpp">
      <Filter>GLM\detail</Filter>
    </ClInclude>
    <ClInclude Include="glm\detail\type_mat4x2.hpp">
      <Filter>GLM\detail</Filter>
    </ClInclude>
    <ClInclude Include="glm\detail\type_mat4x3.hpp">
      <Filter>GLM\detail</Filter>
    </ClInclude>
    <ClInclude Include="glm\detail\type_mat4x4.hpp">
      <Filter>GLM\detail</Filter>
    </ClInclude>
    <ClInclude Include="glm\detail\type_quat.hpp">
      <Filter>GLM\detail</Filter>
    </ClInclude>
    <ClInclude Include="glm\detail\type_vec1.hpp">
      <Filter>GLM\detail</Filter>
    </ClInclude>
    <ClInclude Include="glm\detail\type_vec2.hpp">
      <Filter>GLM\detail</Filter>
    </ClInclude>
    <ClInclude Include="glm\detail\type_vec3.hpp">
      <Filter>GLM\detail</Filter>
    </ClInclude>
    <ClInclude Include="glm\detail\type_vec4.hpp">
      <Filter>GLM\detail</Filter>
    </ClInclude>
    <ClInclude Include="glm\ext\matrix_clip_space.hpp">
      <Filter>GLM\ext</Filter>
    </ClInclude>
    <ClInclude Include="glm\ext\matrix_common.hpp">
      <Filter>GLM\ext</Filter>
    </ClInclude>
    <ClInclude Include="glm\ext\matrix_double2x2.hpp">
      <Filter>GLM\ext</Filter>
    </ClInclude>
    <ClInclude Include="glm\ext\matrix_double2x2_precision.hpp">
      <Filter>GLM\ext</Filter>
    </ClInclude>
    <ClInclude Include="glm\ext\matrix_double2x3.hpp">
      <Filter>GLM\ext</Filter>
    </ClInclude>
    <ClInclude Include="glm\ext\matrix_double2x3_precision.hpp">
      <Filter>GLM\ext</Filter>
    </ClInclude>
    <ClInclude Include="glm\ext\matrix_double2x4.hpp">
      <Filter>GLM\ext</Filter>
    </ClInclude>
    <ClInclude Include="glm\ext\matrix_double2x4_precision.hpp">
      <Filter>GLM\ext</Filter>
    </ClInclude>
    <ClInclude Include="glm\ext\matrix_double3x2.hpp">
      <Filter>GLM\ext</Filter>
    </ClInclude>
    <ClInclude Include="glm\ext\matrix_double3x2_precision.hpp">
      <Filter>GLM\ext</Filter>
    </ClInclude>
    <ClInclude Include="glm\ext\matrix_double3x3.hpp">
      <Filter>GLM\ext</Filter>
    </ClInclude>
    <ClInclude Include="glm\ext\matrix_double3x3_precision.hpp">
      <Filter>GLM\ext</Filter>
    </ClInclude>
    <ClInclude Include="glm\ext\matrix_double3x4.hpp">
      <Filter>GLM\ext</Filter>
    </ClInclude>
    <ClInclude Include="glm\ext\matrix_double3x4_precision.hpp">
      <Filter>GLM\ext</Filter>
    </ClInclude>
    <ClInclude Include="glm\ext\matrix_double4x2.hpp">
      <Filter>GLM\ext</Filter>
    </ClInclude>
    <ClInclude Include="glm\ext\matrix_double4x2_precision.hpp">
      <Filter>GLM\ext</Filter>
    </ClInclude>
    <ClInclude Include="glm\ext\matrix_double4x3.hpp">
      <Filter>GLM\ext</Filter>
    </ClInclude>
    <ClInclude Include="glm\ext\matrix_double4x3_precision.hpp">
      <Filter>GLM\ext</Filter>
    </ClInclude>
    <ClInclude Include="glm\ext\matrix_double4x4.hpp">
      <Filter>GLM\ext</Filter>
    </ClInclude>
    <ClInclude Include="glm\ext\matrix_double4x4_precision.hpp">
      <Filter>GLM\ext</Filter>
    </ClInclude>
    <ClInclude Include="glm\ext\matrix_float2x2.hpp">
      <Filter>GLM\ext</Filter>
    </ClInclude>
    <ClInclude Include="glm\ext\matrix_float2x2_precision.hpp">
      <Filter>GLM\ext</Filter>
    </ClInclude>
    <ClInclude Include="glm\ext\matrix_float2x3.hpp">
      <Filter>GLM\ext</Filter>
    </ClInclude>
    <ClInclude Include="glm\ext\matrix_float2x3_precision.hpp">
      <Filter>GLM\ext</Filter>
    </ClInclude>
    <ClInclude Include="glm\ext\matrix_float2x4.hpp">
      <Filter>GLM\ext</Filter>
    </ClInclude>
    <ClInclude Include="glm\ext\matrix_float2x4_precision.hpp">
      <Filter>GLM\ext</Filter>
    </ClInclude>
    <ClInclude Include="glm\ext\matrix_float3x2.hpp">
      <Filter>GLM\ext</Filter>
    </ClInclude>
    <ClInclude Include="glm\ext\matrix_float3x2_precision.hpp">
      <Filter>GLM\ext</Filter>
    </ClInclude>
    <ClInclude Include="glm\ext\matrix_float3x3.hpp">
      <Filter>GLM\ext</Filter>
    </ClInclude>
    <ClInclude Include="glm\ext\matrix_float3x3_precision.hpp">
      <Filter>GLM\ext</Filter>
    </ClInclude>
    <ClInclude Include="glm\ext\matrix_float3x4.hpp">
      <Filter>GLM\ext</Filter>
    </ClInclude>
    <ClInclude Include="glm\ext\matrix_float3x4_precision.hpp">
      <Filter>GLM\ext</Filter>
    </ClInclude>
    <ClInclude Include="glm\ext\matrix_float4x2.hpp">
      <Filter>GLM\ext</Filter>
    </ClInclude>
    <ClInclude Include="glm\ext\matrix_float4x2_precision.hpp">
      <Filter>GLM\ext</Filter>
    </ClInclude>
    <ClInclude Include="glm\ext\matrix_float4x3.hpp">
      <Filter>GLM\ext</Filter>
    </ClInclude>
    <ClInclude Include="glm\ext\matrix_float4x3_precision.hpp">
      <Filter>GLM\ext</Filter>
    </ClInclude>
    <ClInclude Include="glm\ext\matrix_float4x4.hpp">
      <Filter>GLM\ext</Filter>
    </ClInclude>
    <ClInclude Include="glm\ext\matrix_float4x4_precision.hpp">
      <Filter>GLM\ext</Filter>
    </ClInclude>
    <ClInclude Include="glm\ext\matrix_int2x2.hpp">
      <Filter>GLM\ext</Filter>
    </ClInclude>
    <ClInclude Include="glm\ext\matrix_int2x2_sized.hpp">
      <Filter>GLM\ext</Filter>
    </ClInclude>
    <ClInclude Include="glm\ext\matrix_int2x3.hpp">
      <Filter>GLM\ext</Filter>
    </ClInclude>
    <ClInclude Include="glm\ext\matrix_int2x3_sized.hpp">
      <Filter>GLM\ext</Filter>
    </ClInclude>
    <ClInclude Include="glm\ext\matrix_int2x4.hpp">
      <Filter>GLM\ext</Filter>
    </ClInclude>
    <ClInclude Include="glm\ext\matrix_int2x4_sized.hpp">
      <Filter>GLM\ext</Filter>
    </ClInclude>
    <ClInclude Include="glm\ext\matrix_int3x2.hpp">
      <Filter>GLM\ext</Filter>
    </ClInclude>
    <ClInclude Include="glm\ext\matrix_int3x2_sized.hpp">
      <Filter>GLM\ext</Filter>
    </ClInclude>
    <ClInclude Include="glm\ext\matrix_int3x3.hpp">
      <Filter>GLM\ext</Filter>
    </ClInclude>
    <ClInclude Include="glm\ext\matrix_int3x3_sized.hpp">
      <Filter>GLM\ext</Filter>
    </ClInclude>
    <ClInclude Include="glm\ext\matrix_int3x4.hpp">
      <Filter>GLM\ext</Filter>
    </ClInclude>
    <ClInclude Include="glm\ext\matrix_int3x4_sized.hpp">
      <Filter>GLM\ext</Filter>
    </ClInclude>
    <ClInclude Include="glm\ext\matrix_int4x2.hpp">
      <Filter>GLM\ext</Filter>
    </ClInclude>
    <ClInclude Include="glm\ext\matrix_int4x2_sized.hpp">
      <Filter>GLM\ext</Filter>
    </ClInclude>
    <ClInclude Include="glm\ext\matrix_int4x3.hpp">
      <Filter>GLM\ext</Filter>
    </ClInclude>
    <ClInclude Include="glm\ext\matrix_int4x3_sized.hpp">
      <Filter>GLM\ext</Filter>
    </ClInclude>
    <ClInclude Include="glm\ext\matrix_int4x4.hpp">
      <Filter>GLM\ext</Filter>
    </ClInclude>
    <ClInclude Include="glm\ext\matrix_int4x4_sized.hpp">
      <Filter>GLM\ext</Filter>
    </ClInclude>
    <ClInclude Include="glm\ext\matrix_projection.hpp">
      <Filter>GLM\ext</Filter>
    </ClInclude>
    <ClInclude Include="glm\ext\matrix_relational.hpp">
      <Filter>GLM\ext</Filter>
    </ClInclude>
    <ClInclude Include="glm\ext\matrix_transform.hpp">
      <Filter>GLM\ext</Filter>
    </ClInclude>
    <ClInclude Include="glm\ext\matrix_uint2x2.hpp">
      <Filter>GLM\ext</Filter>
    </ClInclude>
    <ClInclude Include="glm\ext\matrix_uint2x2_sized.hpp">
      <Filter>GLM\ext</Filter>
    </ClInclude>
    <ClInclude Include="glm\ext\matrix_uint2x3.hpp">
      <Filter>GLM\ext</Filter>
    </ClInclude>
    <ClInclude Include="glm\ext\matrix_uint2x3_sized.hpp">
      <Filter>GLM\ext</Filter>
    </ClInclude>
    <ClInclude Include="glm\ext\matrix_uint2x4.hpp">
      <Filter>GLM\ext</Filter>
    </ClInclude>
    <ClInclude Include="glm\ext\matrix_uint2x4_sized.hpp">
      <Filter>GLM\ext</Filter>
    </ClInclude>
    <ClInclude Include="glm\ext\matrix_uint3x2.hpp">
      <Filter>GLM\ext</Filter>
    </ClInclude>
    <ClInclude Include="glm\ext\matrix_uint3x2_sized.hpp">
      <Filter>GLM\ext</Filter>
    </ClInclude>
    <ClInclude Include="glm\ext\matrix_uint3x3.hpp">
      <Filter>GLM\ext</Filter>
    </ClInclude>
    <ClInclude Include="glm\ext\matrix_uint3x3_sized.hpp">
      <Filter>GLM\ext</Filter>
    </ClInclude>
    <ClInclude Include="glm\ext\matrix_uint3x4.hpp">
      <Filter>GLM\ext</Filter>
    </ClInclude>
    <ClInclude Include="glm\ext\matrix_uint3x4_sized.hpp">
      <Filter>GLM\ext</Filter>
    </ClInclude>
    <ClInclude Include="glm\ext\matrix_uint4x2.hpp">
      <Filter>GLM\ext</Filter>
    </ClInclude>
    <ClInclude Include="glm\ext\matrix_uint4x2_sized.hpp">
      <Filter>GLM\ext</Filter>
    </ClInclude>
    <ClInclude Include="glm\ext\matrix_uint4x3.hpp">
      <Filter>GLM\ext</Filter>
    </ClInclude>
    <ClInclude Include="glm\ext\matrix_uint4x3_sized.hpp">
      <Filter>GLM\ext</Filter>
    </ClInclude>
    <ClInclude Include="glm\ext\matrix_uint4x4.hpp">
      <Filter>GLM\ext</Filter>
    </ClInclude>
    <ClInclude Include="glm\ext\matrix_uint4x4_sized.hpp">
      <Filter>GLM\ext</Filter>
    </ClInclude>
    <ClInclude Include="glm\ext\quaternion_common.hpp">
      <Filter>GLM\ext</Filter>
    </ClInclude>
    <ClInclude Include="glm\ext\quaternion_double.hpp">
      <Filter>GLM\ext</Filter>
    </ClInclude>
    <ClInclude Include="glm\ext\quaternion_double_precision.hpp">
      <Filter>GLM\ext</Filter>
    </ClInclude>
    <ClInclude Include="glm\ext\quaternion_exponential.hpp">
      <Filter>GLM\ext</Filter>
    </ClInclude>
    <ClInclude Include="glm\ext\quaternion_float.hpp">
      <Filter>GLM\ext</Filter>
    </ClInclude>
    <ClInclude Include="glm\ext\quaternion_float_precision.hpp">
      <Filter>GLM\ext</Filter>
    </ClInclude>
    <ClInclude Include="glm\ext\quaternion_geometric.hpp">
      <Filter>GLM\ext</Filter>
    </ClInclude>
    <ClInclude Include="glm\ext\quaternion_relational.hpp">
      <Filter>GLM\ext</Filter>
    </ClInclude>
    <ClInclude Include="glm\ext\quaternion_transform.hpp">
      <Filter>GLM\ext</Filter>
    </ClInclude>
    <ClInclude Include="glm\ext\quaternion_trigonometric.hpp">
      <Filter>GLM\ext</Filter>
    </ClInclude>
    <ClInclude Include="glm\ext\scalar_common.hpp">
      <Filter>GLM\ext</Filter>
    </ClInclude>
    <ClInclude Include="glm\ext\scalar_constants.hpp">
      <Filter>GLM\ext</Filter>
    </ClInclude>
    <ClInclude Include="glm\ext\scalar_int_sized.hpp">
      <Filter>GLM\ext</Filter>
    </ClInclude>
    <ClInclude Include="glm\ext\scalar_integer.hpp">
      <Filter>GLM\ext</Filter>
    </ClInclude>
    <ClInclude Include="glm\ext\scalar_packing.hpp">
      <Filter>GLM\ext</Filter>
    </ClInclude>
    <ClInclude Include="glm\ext\scalar_relational.hpp">
      <Filter>GLM\ext</Filter>
    </ClInclude>
    <ClInclude Include="glm\ext\scalar_uint_sized.hpp">
      <Filter>GLM\ext</Filter>
    </ClInclude>
    <ClInclude Include="glm\ext\scalar_ulp.hpp">
      <Filter>GLM\ext</Filter>
    </ClInclude>
    <ClInclude Include="glm\ext\vector_bool1.hpp">
      <Filter>GLM\ext</Filter>
    </ClInclude>
    <ClInclude Include="glm\ext\vector_bool1_precision.hpp">
      <Filter>GLM\ext</Filter>
    </ClInclude>
    <ClInclude Include="glm\ext\vector_bool2.hpp">
      <Filter>GLM\ext</Filter>
    </ClInclude>
    <ClInclude Include="glm\ext\vector_bool2_precision.hpp">
      <Filter>GLM\ext</Filter>
    </ClInclude>
    <ClInclude Include="glm\ext\vector_bool3.hpp">
      <Filter>GLM\ext</Filter>
    </ClInclude>
    <ClInclude Include="glm\ext\vector_bool3_precision.hpp">
      <Filter>GLM\ext</Filter>
    </ClInclude>
    <ClInclude Include="glm\ext\vector_bool4.hpp">
      <Filter>GLM\ext</Filter>
    </ClInclude>
    <ClInclude Include="glm\ext\vector_bool4_precision.hpp">
      <Filter>GLM\ext</Filter>
    </ClInclude>
    <ClInclude Include="glm\ext\vector_common.hpp">
      <Filter>GLM\ext</Filter>
    </ClInclude>
    <ClInclude Include="glm\ext\vector_double1.hpp">
      <Filter>GLM\ext</Filter>
    </ClInclude>
    <ClInclude Include="glm\ext\vector_double1_precision.hpp">
      <Filter>GLM\ext</Filter>
    </ClInclude>
    <ClInclude Include="glm\ext\vector_double2.hpp">
      <Filter>GLM\ext</Filter>
    </ClInclude>
    <ClInclude Include="glm\ext\vector_double2_precision.hpp">
      <Filter>GLM\ext</Filter>
    </ClInclude>
    <ClInclude Include="glm\ext\vector_double3.hpp">
      <Filter>GLM\ext</Filter>
    </ClInclude>
    <ClInclude Include="glm\ext\vector_double3_precision.hpp">
      <Filter>GLM\ext</Filter>
    </ClInclude>
    <ClInclude Include="glm\ext\vector_double4.hpp">
      <Filter>GLM\ext</Filter>
    </ClInclude>
    <ClInclude Include="glm\ext\vector_double4_precision.hpp">
      <Filter>GLM\ext</Filter>
    </ClInclude>
    <ClInclude Include="glm\ext\vector_float1.hpp">
      <Filter>GLM\ext</Filter>
    </ClInclude>
    <ClInclude Include="glm\ext\vector_float1_precision.hpp">
      <Filter>GLM\ext</Filter>
    </ClInclude>
    <ClInclude Include="glm\ext\vector_float2.hpp">
      <Filter>GLM\ext</Filter>
    </ClInclude>
    <ClInclude Include="glm\ext\vector_float2_precision.hpp">
      <Filter>GLM\ext</Filter>
    </ClInclude>
    <ClInclude Include="glm\ext\vector_float3.hpp">
      <Filter>GLM\ext</Filter>
    </ClInclude>
    <ClInclude Include="glm\ext\vector_float3_precision.hpp">
      <Filter>GLM\ext</Filter>
    </ClInclude>
    <ClInclude Include="glm\ext\vector_float4.hpp">
      <Filter>GLM\ext</Filter>
    </ClInclude>
    <ClInclude Include="glm\ext\vector_float4_precision.hpp">
      <Filter>GLM\ext</Filter>
    </ClInclude>
    <ClInclude Include="glm\ext\vector_int1.hpp">
      <Filter>GLM\ext</Filter>
    </ClInclude>
    <ClInclude Include="glm\ext\vector_int1_sized.hpp">
      <Filter>GLM\ext</Filter>
    </ClInclude>
    <ClInclude Include="glm\ext\vector_int2.hpp">
      <Filter>GLM\ext</Filter>
    </ClInclude>
    <ClInclude Include="glm\ext\vector_int2_sized.hpp">
      <Filter>GLM\ext</Filter>
    </ClInclude>
    <ClInclude Include="glm\ext\vector_int3.hpp">
      <Filter>GLM\ext</Filter>
    </ClInclude>
    <ClInclude Include="glm\ext\vector_int3_sized.hpp">
      <Filter>GLM\ext</Filter>
    </ClInclude>
    <ClInclude Include="glm\ext\vector_int4.hpp">
      <Filter>GLM\ext</Filter>
    </ClInclude>
    <ClInclude Include="glm\ext\vector_int4_sized.hpp">
      <Filter>GLM\ext</Filter>
    </ClInclude>
    <ClInclude Include="glm\ext\vector_integer.hpp">
      <Filter>GLM\ext</Filter>
    </ClInclude>
    <ClInclude Include="glm\ext\vector_packing.hpp">
      <Filter>GLM\ext</Filter>
    </ClInclude>
    <ClInclude Include="glm\ext\vector_relational.hpp">
      <Filter>GLM\ext</Filter>
    </ClInclude>
    <ClInclude Include="glm\ext\vector_uint1.hpp">
      <Filter>GLM\ext</Filter>
    </ClInclude>
    <ClInclude Include="glm\ext\vector_uint1_sized.hpp">
      <Filter>GLM\ext</Filter>
    </ClInclude>
    <ClInclude Include="glm\ext\vector_uint2.hpp">
      <Filter>GLM\ext</Filter>
    </ClInclude>
    <ClInclude Include="glm\ext\vector_uint2_sized.hpp">
      <Filter>GLM\ext</Filter>
    </ClInclude>
    <ClInclude Include="glm\ext\vector_uint3.hpp">
      <Filter>GLM\ext</Filter>
    </ClInclude>
    <ClInclude Include="glm\ext\vector_uint3_sized.hpp">
      <Filter>GLM\ext</Filter>
    </ClInclude>
    <ClInclude Include="glm\ext\vector_uint4.hpp">
      <Filter>GLM\ext</Filter>
    </ClInclude>
    <ClInclude Include="glm\ext\vector_uint4_sized.hpp">
      <Filter>GLM\ext</Filter>
    </ClInclude>
    <ClInclude Include="glm\ext\vector_ulp.hpp">
      <Filter>GLM\ext</Filter>
    </ClInclude>
    <ClInclude Include="glm\gtc\bitfield.hpp">
      <Filter>GLM\gtc</Filter>
    </ClInclude>
    <ClInclude Include="glm\gtc\color_space.hpp">
      <Filter>GLM\gtc</Filter>
    </ClInclude>
    <ClInclude Include="glm\gtc\constants.hpp">
      <Filter>GLM\gtc</Filter>
    </ClInclude>
    <ClInclude Include="glm\gtc\epsilon.hpp">
      <Filter>GLM\gtc</Filter>
    </ClInclude>
    <ClInclude Include="glm\gtc\integer.hpp">
      <Filter>GLM\gtc</Filter>
    </ClInclude>
    <ClInclude Include="glm\gtc\matrix_access.hpp">
      <Filter>GLM\gtc</Filter>
    </ClInclude>
    <ClInclude Include="glm\gtc\matrix_integer.hpp">
      <Filter>GLM\gtc</Filter>
    </ClInclude>
    <ClInclude Include="glm\gtc\matrix_inverse.hpp">
      <Filter>GLM\gtc</Filter>
    </ClInclude>
    <ClInclude Include="glm\gtc\matrix_transform.hpp">
      <Filter>GLM\gtc</Filter>
    </ClInclude>
    <ClInclude Include="glm\gtc\noise.hpp">
      <Filter>GLM\gtc</Filter>
    </ClInclude>
    <ClInclude Include="glm\gtc\packing.hpp">
      <Filter>GLM\gtc</Filter>
    </ClInclude>
    <ClInclude Include="glm\gtc\quaternion.hpp">
      <Filter>GLM\gtc</Filter>
    </ClInclude>
    <ClInclude Include="glm\gtc\random.hpp">
      <Filter>GLM\gtc</Filter>
    </ClInclude>
    <ClInclude Include="glm\gtc\reciprocal.hpp">
      <Filter>GLM\gtc</Filter>
    </ClInclude>
    <ClInclude Include="glm\gtc\round.hpp">
      <Filter>GLM\gtc</Filter>
    </ClInclude>
    <ClInclude Include="glm\gtc\type_aligned.hpp">
      <Filter>GLM\gtc</Filter>
    </ClInclude>
    <ClInclude Include="glm\gtc\type_precision.hpp">
      <Filter>GLM\gtc</Filter>
    </ClInclude>
    <ClInclude Include="glm\gtc\type_ptr.hpp">
      <Filter>GLM\gtc</Filter>
    </ClInclude>
    <ClInclude Include="glm\gtc\ulp.hpp">
      <Filter>GLM\gtc</Filter>
    </ClInclude>
    <ClInclude Include="glm\gtc\vec1.hpp">
      <Filter>GLM\gtc</Filter>
    </ClInclude>
    <ClInclude Include="glm\gtx\associated_min_max.hpp">
      <Filter>GLM\gtx</Filter>
    </ClInclude>
    <ClInclude Include="glm\gtx\bit.hpp">
      <Filter>GLM\gtx</Filter>
    </ClInclude>
    <ClInclude Include="glm\gtx\closest_point.hpp">
      <Filter>GLM\gtx</Filter>
    </ClInclude>
    <ClInclude Include="glm\gtx\color_encoding.hpp">
      <Filter>GLM\gtx</Filter>
    </ClInclude>
    <ClInclude Include="glm\gtx\color_space.hpp">
      <Filter>GLM\gtx</Filter>
    </ClInclude>
    <ClInclude Include="glm\gtx\color_space_YCoCg.hpp">
      <Filter>GLM\gtx</Filter>
    </ClInclude>
    <ClInclude Include="glm\gtx\common.hpp">
      <Filter>GLM\gtx</Filter>
    </ClInclude>
    <ClInclude Include="glm\gtx\compatibility.hpp">
      <Filter>GLM\gtx</Filter>
    </ClInclude>
    <ClInclude Include="glm\gtx\component_wise.hpp">
      <Filter>GLM\gtx</Filter>
    </ClInclude>
    <ClInclude Include="glm\gtx\dual_quaternion.hpp">
      <Filter>GLM\gtx</Filter>
    </ClInclude>
    <ClInclude Include="glm\gtx\easing.hpp">
      <Filter>GLM\gtx</Filter>
    </ClInclude>
    <ClInclude Include="glm\gtx\euler_angles.hpp">
      <Filter>GLM\gtx</Filter>
    </ClInclude>
    <ClInclude Include="glm\gtx\extend.hpp">
      <Filter>GLM\gtx</Filter>
    </ClInclude>
    <ClInclude Include="glm\gtx\extended_min_max.hpp">
      <Filter>GLM\gtx</Filter>
    </ClInclude>
    <ClInclude Include="glm\gtx\exterior_product.hpp">
      <Filter>GLM\gtx</Filter>
    </ClInclude>
    <ClInclude Include="glm\gtx\fast_exponential.hpp">
      <Filter>GLM\gtx</Filter>
    </ClInclude>
    <ClInclude Include="glm\gtx\fast_square_root.hpp">
      <Filter>GLM\gtx</Filter>
    </ClInclude>
    <ClInclude Include="glm\gtx\fast_trigonometry.hpp">
      <Filter>GLM\gtx</Filter>
    </ClInclude>
    <ClInclude Include="glm\gtx\functions.hpp">
      <Filter>GLM\gtx</Filter>
    </ClInclude>
    <ClInclude Include="glm\gtx\gradient_paint.hpp">
      <Filter>GLM\gtx</Filter>
    </ClInclude>
    <ClInclude Include="glm\gtx\handed_coordinate_space.hpp">
      <Filter>GLM\gtx</Filter>
    </ClInclude>
    <ClInclude Include="glm\gtx\hash.hpp">
      <Filter>GLM\gtx</Filter>
    </ClInclude>
    <ClInclude Include="glm\gtx\integer.hpp">
      <Filter>GLM\gtx</Filter>
    </ClInclude>
    <ClInclude Include="glm\gtx\intersect.hpp">
      <Filter>GLM\gtx</Filter>
    </ClInclude>
    <ClInclude Include="glm\gtx\io.hpp">
      <Filter>GLM\gtx</Filter>
    </ClInclude>
    <ClInclude Include="glm\gtx\log_base.hpp">
      <Filter>GLM\gtx</Filter>
    </ClInclude>
    <ClInclude Include="glm\gtx\matrix_cross_product.hpp">
      <Filter>GLM\gtx</Filter>
    </ClInclude>
    <ClInclude Include="glm\gtx\matrix_decompose.hpp">
      <Filter>GLM\gtx</Filter>
    </ClInclude>
    <ClInclude Include="glm\gtx\matrix_factorisation.hpp">
      <Filter>GLM\gtx</Filter>
    </ClInclude>
    <ClInclude Include="glm\gtx\matrix_interpolation.hpp">
      <Filter>GLM\gtx</Filter>
    </ClInclude>
    <ClInclude Include="glm\gtx\matrix_major_storage.hpp">
      <Filter>GLM\gtx</Filter>
    </ClInclude>
    <ClInclude Include="glm\gtx\matrix_operation.hpp">
      <Filter>GLM\gtx</Filter>
    </ClInclude>
    <ClInclude Include="glm\gtx\matrix_query.hpp">
      <Filter>GLM\gtx</Filter>
    </ClInclude>
    <ClInclude Include="glm\gtx\matrix_transform_2d.hpp">
      <Filter>GLM\gtx</Filter>
    </ClInclude>
    <ClInclude Include="glm\gtx\mixed_product.hpp">
      <Filter>GLM\gtx</Filter>
    </ClInclude>
    <ClInclude Include="glm\gtx\norm.hpp">
      <Filter>GLM\gtx</Filter>
    </ClInclude>
    <ClInclude Include="glm\gtx\normal.hpp">
      <Filter>GLM\gtx</Filter>
    </ClInclude>
    <ClInclude Include="glm\gtx\normalize_dot.hpp">
      <Filter>GLM\gtx</Filter>
    </ClInclude>
    <ClInclude Include="glm\gtx\number_precision.hpp">
      <Filter>GLM\gtx</Filter>
    </ClInclude>
    <ClInclude Include="glm\gtx\optimum_pow.hpp">
      <Filter>GLM\gtx</Filter>
    </ClInclude>
    <ClInclude Include="glm\gtx\orthonormalize.hpp">
      <Filter>GLM\gtx</Filter>
    </ClInclude>
    <ClInclude Include="glm\gtx\perpendicular.hpp">
      <Filter>GLM\gtx</Filter>
    </ClInclude>
    <ClInclude Include="glm\gtx\polar_coordinates.hpp">
      <Filter>GLM\gtx</Filter>
    </ClInclude>
    <ClInclude Include="glm\gtx\projection.hpp">
      <Filter>GLM\gtx</Filter>
    </ClInclude>
    <ClInclude Include="glm\gtx\quaternion.hpp">
      <Filter>GLM\gtx</Filter>
    </ClInclude>
    <ClInclude Include="glm\gtx\range.hpp">
      <Filter>GLM\gtx</Filter>
    </ClInclude>
    <ClInclude Include="glm\gtx\raw_data.hpp">
      <Filter>GLM\gtx</Filter>
    </ClInclude>
    <ClInclude Include="glm\gtx\rotate_normalized_axis.hpp">
      <Filter>GLM\gtx</Filter>
    </ClInclude>
    <ClInclude Include="glm\gtx\rotate_vector.hpp">
      <Filter>GLM\gtx</Filter>
    </ClInclude>
    <ClInclude Include="glm\gtx\scalar_multiplication.hpp">
      <Filter>GLM\gtx</Filter>
    </ClInclude>
    <ClInclude Include="glm\gtx\scalar_relational.hpp">
      <Filter>GLM\gtx</Filter>
    </ClInclude>
    <ClInclude Include="glm\gtx\spline.hpp">
      <Filter>GLM\gtx</Filter>
    </ClInclude>
    <ClInclude Include="glm\gtx\std_based_type.hpp">
      <Filter>GLM\gtx</Filter>
    </ClInclude>
    <ClInclude Include="glm\gtx\string_cast.hpp">
      <Filter>GLM\gtx</Filter>
    </ClInclude>
    <ClInclude Include="glm\gtx\texture.hpp">
      <Filter>GLM\gtx</Filter>
    </ClInclude>
    <ClInclude Include="glm\gtx\transform.hpp">
      <Filter>GLM\gtx</Filter>
    </ClInclude>
    <ClInclude Include="glm\gtx\transform2.hpp">
      <Filter>GLM\gtx</Filter>
    </ClInclude>
    <ClInclude Include="glm\gtx\type_aligned.hpp">
      <Filter>GLM\gtx</Filter>
    </ClInclude>
    <ClInclude Include="glm\gtx\type_trait.hpp">
      <Filter>GLM\gtx</Filter>
    </ClInclude>
    <ClInclude Include="glm\gtx\vec_swizzle.hpp">
      <Filter>GLM\gtx</Filter>
    </ClInclude>
    <ClInclude Include="glm\gtx\vector_angle.hpp">
      <Filter>GLM\gtx</Filter>
    </ClInclude>
    <ClInclude Include="glm\gtx\vector_query.hpp">
      <Filter>GLM\gtx</Filter>
    </ClInclude>
    <ClInclude Include="glm\gtx\wrap.hpp">
      <Filter>GLM\gtx</Filter>
    </ClInclude>
    <ClInclude Include="glm\simd\common.h">
      <Filter>GLM\simd</Filter>
    </ClInclude>
    <ClInclude Include="glm\simd\exponential.h">
      <Filter>GLM\simd</Filter>
    </ClInclude>
    <ClInclude Include="glm\simd\geometric.h">
      <Filter>GLM\simd</Filter>
    </ClInclude>
    <ClInclude Include="glm\simd\integer.h">
      <Filter>GLM\simd</Filter>
    </ClInclude>
    <ClInclude Include="glm\simd\matrix.h">
      <Filter>GLM\simd</Filter>
    </ClInclude>
    <ClInclude Include="glm\simd\neon.h">
      <Filter>GLM\simd</Filter>
    </ClInclude>
    <ClInclude Include="glm\simd\packing.h">
      <Filter>GLM\simd</Filter>
    </ClInclude>
    <ClInclude Include="glm\simd\platform.h">
      <Filter>GLM\simd</Filter>
    </ClInclude>
    <ClInclude Include="glm\simd\trigonometric.h">
      <Filter>GLM\simd</Filter>
    </ClInclude>
    <ClInclude Include="glm\simd\vector_relational.h">
      <Filter>GLM\simd</Filter>
    </ClInclude>
    <ClInclude Include="ScoresPeriod.h">
      <Filter>Highscores</Filter>
    </ClInclude>
    <ClInclude Include="IImage.h">
      <Filter>Graphics</Filter>
    </ClInclude>
    <ClInclude Include="Samplers.h">
      <Filter>Graphics</Filter>
    </ClInclude>
    <ClInclude Include="SetAnimation.h">
      <Filter>Renderers\Animations</Filter>
    </ClInclude>
    <ClInclude Include="IAnimationRenderer.h">
      <Filter>Renderers\Animations</Filter>
    </ClInclude>
    <ClInclude Include="GreatShotAnimation.h">
      <Filter>Renderers\Animations</Filter>
    </ClInclude>
    <ClInclude Include="ParticleOverlayRenderer.h">
      <Filter>Renderers</Filter>
    </ClInclude>
    <ClInclude Include="ClassicHUDRenderer.h">
      <Filter>Renderers</Filter>
    </ClInclude>
    <ClInclude Include="tweeny\dispatcher.h">
      <Filter>Tweeny</Filter>
    </ClInclude>
    <ClInclude Include="tweeny\easing.h">
      <Filter>Tweeny</Filter>
    </ClInclude>
    <ClInclude Include="tweeny\easingresolve.h">
      <Filter>Tweeny</Filter>
    </ClInclude>
    <ClInclude Include="tweeny\int2type.h">
      <Filter>Tweeny</Filter>
    </ClInclude>
    <ClInclude Include="tweeny\tween.h">
      <Filter>Tweeny</Filter>
    </ClInclude>
    <ClInclude Include="tweeny\tweenpoint.h">
      <Filter>Tweeny</Filter>
    </ClInclude>
    <ClInclude Include="tweeny\tweentraits.h">
      <Filter>Tweeny</Filter>
    </ClInclude>
    <ClInclude Include="tweeny\tweeny.h">
      <Filter>Tweeny</Filter>
    </ClInclude>
    <ClInclude Include="HotShotAnimation.h">
      <Filter>Renderers\Animations</Filter>
    </ClInclude>
    <ClInclude Include="Voronoi.h">
      <Filter>Renderers</Filter>
    </ClInclude>
    <ClInclude Include="TextShine.h">
      <Filter>Graphics</Filter>
    </ClInclude>
    <ClInclude Include="MegaShotAnimation.h">
      <Filter>Renderers\Animations</Filter>
    </ClInclude>
    <ClInclude Include="ImpressiveAnimation.h">
      <Filter>Renderers\Animations</Filter>
    </ClInclude>
    <ClInclude Include="ExcellentAnimation.h">
      <Filter>Renderers\Animations</Filter>
    </ClInclude>
    <ClInclude Include="Fire.h">
      <Filter>Renderers</Filter>
    </ClInclude>
    <ClInclude Include="IncredibleAnimation.h">
      <Filter>Renderers\Animations</Filter>
    </ClInclude>
    <ClInclude Include="UnstoppableAnimation.h">
      <Filter>Renderers\Animations</Filter>
    </ClInclude>
    <ClInclude Include="LoadingImage.h">
      <Filter>Graphics</Filter>
    </ClInclude>
    <ClInclude Include="LoadingScreen.h">
      <Filter>Main</Filter>
    </ClInclude>
  </ItemGroup>
  <ItemGroup>
    <Natvis Include="String.natvis">
      <Filter>Tools</Filter>
    </Natvis>
  </ItemGroup>
  <ItemGroup>
    <None Include="pandemic.toml">
      <Filter>Configuration</Filter>
    </None>
    <None Include="glm\detail\func_common.inl">
      <Filter>GLM\detail</Filter>
    </None>
    <None Include="glm\detail\func_common_simd.inl">
      <Filter>GLM\detail</Filter>
    </None>
    <None Include="glm\detail\func_exponential.inl">
      <Filter>GLM\detail</Filter>
    </None>
    <None Include="glm\detail\func_exponential_simd.inl">
      <Filter>GLM\detail</Filter>
    </None>
    <None Include="glm\detail\func_geometric.inl">
      <Filter>GLM\detail</Filter>
    </None>
    <None Include="glm\detail\func_geometric_simd.inl">
      <Filter>GLM\detail</Filter>
    </None>
    <None Include="glm\detail\func_integer.inl">
      <Filter>GLM\detail</Filter>
    </None>
    <None Include="glm\detail\func_integer_simd.inl">
      <Filter>GLM\detail</Filter>
    </None>
    <None Include="glm\detail\func_matrix.inl">
      <Filter>GLM\detail</Filter>
    </None>
    <None Include="glm\detail\func_matrix_simd.inl">
      <Filter>GLM\detail</Filter>
    </None>
    <None Include="glm\detail\func_packing.inl">
      <Filter>GLM\detail</Filter>
    </None>
    <None Include="glm\detail\func_packing_simd.inl">
      <Filter>GLM\detail</Filter>
    </None>
    <None Include="glm\detail\func_trigonometric.inl">
      <Filter>GLM\detail</Filter>
    </None>
    <None Include="glm\detail\func_trigonometric_simd.inl">
      <Filter>GLM\detail</Filter>
    </None>
    <None Include="glm\detail\func_vector_relational.inl">
      <Filter>GLM\detail</Filter>
    </None>
    <None Include="glm\detail\func_vector_relational_simd.inl">
      <Filter>GLM\detail</Filter>
    </None>
    <None Include="glm\detail\type_half.inl">
      <Filter>GLM\detail</Filter>
    </None>
    <None Include="glm\detail\type_mat2x2.inl">
      <Filter>GLM\detail</Filter>
    </None>
    <None Include="glm\detail\type_mat2x3.inl">
      <Filter>GLM\detail</Filter>
    </None>
    <None Include="glm\detail\type_mat2x4.inl">
      <Filter>GLM\detail</Filter>
    </None>
    <None Include="glm\detail\type_mat3x2.inl">
      <Filter>GLM\detail</Filter>
    </None>
    <None Include="glm\detail\type_mat3x3.inl">
      <Filter>GLM\detail</Filter>
    </None>
    <None Include="glm\detail\type_mat3x4.inl">
      <Filter>GLM\detail</Filter>
    </None>
    <None Include="glm\detail\type_mat4x2.inl">
      <Filter>GLM\detail</Filter>
    </None>
    <None Include="glm\detail\type_mat4x3.inl">
      <Filter>GLM\detail</Filter>
    </None>
    <None Include="glm\detail\type_mat4x4.inl">
      <Filter>GLM\detail</Filter>
    </None>
    <None Include="glm\detail\type_mat4x4_simd.inl">
      <Filter>GLM\detail</Filter>
    </None>
    <None Include="glm\detail\type_quat.inl">
      <Filter>GLM\detail</Filter>
    </None>
    <None Include="glm\detail\type_quat_simd.inl">
      <Filter>GLM\detail</Filter>
    </None>
    <None Include="glm\detail\type_vec1.inl">
      <Filter>GLM\detail</Filter>
    </None>
    <None Include="glm\detail\type_vec2.inl">
      <Filter>GLM\detail</Filter>
    </None>
    <None Include="glm\detail\type_vec3.inl">
      <Filter>GLM\detail</Filter>
    </None>
    <None Include="glm\detail\type_vec4.inl">
      <Filter>GLM\detail</Filter>
    </None>
    <None Include="glm\detail\type_vec4_simd.inl">
      <Filter>GLM\detail</Filter>
    </None>
    <None Include="glm\ext\matrix_clip_space.inl">
      <Filter>GLM\ext</Filter>
    </None>
    <None Include="glm\ext\matrix_common.inl">
      <Filter>GLM\ext</Filter>
    </None>
    <None Include="glm\ext\matrix_projection.inl">
      <Filter>GLM\ext</Filter>
    </None>
    <None Include="glm\ext\matrix_relational.inl">
      <Filter>GLM\ext</Filter>
    </None>
    <None Include="glm\ext\matrix_transform.inl">
      <Filter>GLM\ext</Filter>
    </None>
    <None Include="glm\ext\quaternion_common.inl">
      <Filter>GLM\ext</Filter>
    </None>
    <None Include="glm\ext\quaternion_common_simd.inl">
      <Filter>GLM\ext</Filter>
    </None>
    <None Include="glm\ext\quaternion_exponential.inl">
      <Filter>GLM\ext</Filter>
    </None>
    <None Include="glm\ext\quaternion_geometric.inl">
      <Filter>GLM\ext</Filter>
    </None>
    <None Include="glm\ext\quaternion_relational.inl">
      <Filter>GLM\ext</Filter>
    </None>
    <None Include="glm\ext\quaternion_transform.inl">
      <Filter>GLM\ext</Filter>
    </None>
    <None Include="glm\ext\quaternion_trigonometric.inl">
      <Filter>GLM\ext</Filter>
    </None>
    <None Include="glm\ext\scalar_common.inl">
      <Filter>GLM\ext</Filter>
    </None>
    <None Include="glm\ext\scalar_constants.inl">
      <Filter>GLM\ext</Filter>
    </None>
    <None Include="glm\ext\scalar_integer.inl">
      <Filter>GLM\ext</Filter>
    </None>
    <None Include="glm\ext\scalar_packing.inl">
      <Filter>GLM\ext</Filter>
    </None>
    <None Include="glm\ext\scalar_relational.inl">
      <Filter>GLM\ext</Filter>
    </None>
    <None Include="glm\ext\scalar_ulp.inl">
      <Filter>GLM\ext</Filter>
    </None>
    <None Include="glm\ext\vector_common.inl">
      <Filter>GLM\ext</Filter>
    </None>
    <None Include="glm\ext\vector_integer.inl">
      <Filter>GLM\ext</Filter>
    </None>
    <None Include="glm\ext\vector_packing.inl">
      <Filter>GLM\ext</Filter>
    </None>
    <None Include="glm\ext\vector_relational.inl">
      <Filter>GLM\ext</Filter>
    </None>
    <None Include="glm\ext\vector_ulp.inl">
      <Filter>GLM\ext</Filter>
    </None>
    <None Include="glm\gtc\bitfield.inl">
      <Filter>GLM\gtc</Filter>
    </None>
    <None Include="glm\gtc\color_space.inl">
      <Filter>GLM\gtc</Filter>
    </None>
    <None Include="glm\gtc\constants.inl">
      <Filter>GLM\gtc</Filter>
    </None>
    <None Include="glm\gtc\epsilon.inl">
      <Filter>GLM\gtc</Filter>
    </None>
    <None Include="glm\gtc\integer.inl">
      <Filter>GLM\gtc</Filter>
    </None>
    <None Include="glm\gtc\matrix_access.inl">
      <Filter>GLM\gtc</Filter>
    </None>
    <None Include="glm\gtc\matrix_inverse.inl">
      <Filter>GLM\gtc</Filter>
    </None>
    <None Include="glm\gtc\matrix_transform.inl">
      <Filter>GLM\gtc</Filter>
    </None>
    <None Include="glm\gtc\noise.inl">
      <Filter>GLM\gtc</Filter>
    </None>
    <None Include="glm\gtc\packing.inl">
      <Filter>GLM\gtc</Filter>
    </None>
    <None Include="glm\gtc\quaternion.inl">
      <Filter>GLM\gtc</Filter>
    </None>
    <None Include="glm\gtc\quaternion_simd.inl">
      <Filter>GLM\gtc</Filter>
    </None>
    <None Include="glm\gtc\random.inl">
      <Filter>GLM\gtc</Filter>
    </None>
    <None Include="glm\gtc\reciprocal.inl">
      <Filter>GLM\gtc</Filter>
    </None>
    <None Include="glm\gtc\round.inl">
      <Filter>GLM\gtc</Filter>
    </None>
    <None Include="glm\gtc\type_precision.inl">
      <Filter>GLM\gtc</Filter>
    </None>
    <None Include="glm\gtc\type_ptr.inl">
      <Filter>GLM\gtc</Filter>
    </None>
    <None Include="glm\gtc\ulp.inl">
      <Filter>GLM\gtc</Filter>
    </None>
    <None Include="glm\gtx\associated_min_max.inl">
      <Filter>GLM\gtx</Filter>
    </None>
    <None Include="glm\gtx\bit.inl">
      <Filter>GLM\gtx</Filter>
    </None>
    <None Include="glm\gtx\closest_point.inl">
      <Filter>GLM\gtx</Filter>
    </None>
    <None Include="glm\gtx\color_encoding.inl">
      <Filter>GLM\gtx</Filter>
    </None>
    <None Include="glm\gtx\color_space.inl">
      <Filter>GLM\gtx</Filter>
    </None>
    <None Include="glm\gtx\color_space_YCoCg.inl">
      <Filter>GLM\gtx</Filter>
    </None>
    <None Include="glm\gtx\common.inl">
      <Filter>GLM\gtx</Filter>
    </None>
    <None Include="glm\gtx\compatibility.inl">
      <Filter>GLM\gtx</Filter>
    </None>
    <None Include="glm\gtx\component_wise.inl">
      <Filter>GLM\gtx</Filter>
    </None>
    <None Include="glm\gtx\dual_quaternion.inl">
      <Filter>GLM\gtx</Filter>
    </None>
    <None Include="glm\gtx\easing.inl">
      <Filter>GLM\gtx</Filter>
    </None>
    <None Include="glm\gtx\euler_angles.inl">
      <Filter>GLM\gtx</Filter>
    </None>
    <None Include="glm\gtx\extend.inl">
      <Filter>GLM\gtx</Filter>
    </None>
    <None Include="glm\gtx\extended_min_max.inl">
      <Filter>GLM\gtx</Filter>
    </None>
    <None Include="glm\gtx\exterior_product.inl">
      <Filter>GLM\gtx</Filter>
    </None>
    <None Include="glm\gtx\fast_exponential.inl">
      <Filter>GLM\gtx</Filter>
    </None>
    <None Include="glm\gtx\fast_square_root.inl">
      <Filter>GLM\gtx</Filter>
    </None>
    <None Include="glm\gtx\fast_trigonometry.inl">
      <Filter>GLM\gtx</Filter>
    </None>
    <None Include="glm\gtx\float_notmalize.inl">
      <Filter>GLM\gtx</Filter>
    </None>
    <None Include="glm\gtx\functions.inl">
      <Filter>GLM\gtx</Filter>
    </None>
    <None Include="glm\gtx\gradient_paint.inl">
      <Filter>GLM\gtx</Filter>
    </None>
    <None Include="glm\gtx\handed_coordinate_space.inl">
      <Filter>GLM\gtx</Filter>
    </None>
    <None Include="glm\gtx\hash.inl">
      <Filter>GLM\gtx</Filter>
    </None>
    <None Include="glm\gtx\integer.inl">
      <Filter>GLM\gtx</Filter>
    </None>
    <None Include="glm\gtx\intersect.inl">
      <Filter>GLM\gtx</Filter>
    </None>
    <None Include="glm\gtx\io.inl">
      <Filter>GLM\gtx</Filter>
    </None>
    <None Include="glm\gtx\log_base.inl">
      <Filter>GLM\gtx</Filter>
    </None>
    <None Include="glm\gtx\matrix_cross_product.inl">
      <Filter>GLM\gtx</Filter>
    </None>
    <None Include="glm\gtx\matrix_decompose.inl">
      <Filter>GLM\gtx</Filter>
    </None>
    <None Include="glm\gtx\matrix_factorisation.inl">
      <Filter>GLM\gtx</Filter>
    </None>
    <None Include="glm\gtx\matrix_interpolation.inl">
      <Filter>GLM\gtx</Filter>
    </None>
    <None Include="glm\gtx\matrix_major_storage.inl">
      <Filter>GLM\gtx</Filter>
    </None>
    <None Include="glm\gtx\matrix_operation.inl">
      <Filter>GLM\gtx</Filter>
    </None>
    <None Include="glm\gtx\matrix_query.inl">
      <Filter>GLM\gtx</Filter>
    </None>
    <None Include="glm\gtx\matrix_transform_2d.inl">
      <Filter>GLM\gtx</Filter>
    </None>
    <None Include="glm\gtx\mixed_product.inl">
      <Filter>GLM\gtx</Filter>
    </None>
    <None Include="glm\gtx\norm.inl">
      <Filter>GLM\gtx</Filter>
    </None>
    <None Include="glm\gtx\normal.inl">
      <Filter>GLM\gtx</Filter>
    </None>
    <None Include="glm\gtx\normalize_dot.inl">
      <Filter>GLM\gtx</Filter>
    </None>
    <None Include="glm\gtx\number_precision.inl">
      <Filter>GLM\gtx</Filter>
    </None>
    <None Include="glm\gtx\optimum_pow.inl">
      <Filter>GLM\gtx</Filter>
    </None>
    <None Include="glm\gtx\orthonormalize.inl">
      <Filter>GLM\gtx</Filter>
    </None>
    <None Include="glm\gtx\perpendicular.inl">
      <Filter>GLM\gtx</Filter>
    </None>
    <None Include="glm\gtx\polar_coordinates.inl">
      <Filter>GLM\gtx</Filter>
    </None>
    <None Include="glm\gtx\projection.inl">
      <Filter>GLM\gtx</Filter>
    </None>
    <None Include="glm\gtx\quaternion.inl">
      <Filter>GLM\gtx</Filter>
    </None>
    <None Include="glm\gtx\raw_data.inl">
      <Filter>GLM\gtx</Filter>
    </None>
    <None Include="glm\gtx\rotate_normalized_axis.inl">
      <Filter>GLM\gtx</Filter>
    </None>
    <None Include="glm\gtx\rotate_vector.inl">
      <Filter>GLM\gtx</Filter>
    </None>
    <None Include="glm\gtx\scalar_relational.inl">
      <Filter>GLM\gtx</Filter>
    </None>
    <None Include="glm\gtx\spline.inl">
      <Filter>GLM\gtx</Filter>
    </None>
    <None Include="glm\gtx\std_based_type.inl">
      <Filter>GLM\gtx</Filter>
    </None>
    <None Include="glm\gtx\string_cast.inl">
      <Filter>GLM\gtx</Filter>
    </None>
    <None Include="glm\gtx\texture.inl">
      <Filter>GLM\gtx</Filter>
    </None>
    <None Include="glm\gtx\transform.inl">
      <Filter>GLM\gtx</Filter>
    </None>
    <None Include="glm\gtx\transform2.inl">
      <Filter>GLM\gtx</Filter>
    </None>
    <None Include="glm\gtx\type_aligned.inl">
      <Filter>GLM\gtx</Filter>
    </None>
    <None Include="glm\gtx\type_trait.inl">
      <Filter>GLM\gtx</Filter>
    </None>
    <None Include="glm\gtx\vector_angle.inl">
      <Filter>GLM\gtx</Filter>
    </None>
    <None Include="glm\gtx\vector_query.inl">
      <Filter>GLM\gtx</Filter>
    </None>
    <None Include="glm\gtx\wrap.inl">
      <Filter>GLM\gtx</Filter>
    </None>
    <None Include="tweeny\tweenpoint.tcc">
      <Filter>Tweeny</Filter>
    </None>
    <None Include="tweeny\tweeny.tcc">
      <Filter>Tweeny</Filter>
    </None>
    <None Include="tweeny\tween.tcc">
      <Filter>Tweeny</Filter>
    </None>
    <None Include="tweeny\tweenone.tcc">
      <Filter>Tweeny</Filter>
    </None>
  </ItemGroup>
</Project>